
Microsoft Visual Studio Solution File, Format Version 12.00
# Visual Studio Version 16
VisualStudioVersion = 16.0.29709.97
MinimumVisualStudioVersion = 10.0.40219.1
Project("{9A19103F-16F7-4668-BE54-9A1E7A4F7556}") = "Game2", "Game2\Game2.csproj", "{6582F128-9636-4FE7-9908-6B1131839740}"
EndProject
Global
	GlobalSection(SolutionConfigurationPlatforms) = preSolution
		Debug|Any CPU = Debug|Any CPU
		Release|Any CPU = Release|Any CPU
	EndGlobalSection
	GlobalSection(ProjectConfigurationPlatforms) = postSolution
		{6582F128-9636-4FE7-9908-6B1131839740}.Debug|Any CPU.ActiveCfg = Debug|Any CPU
		{6582F128-9636-4FE7-9908-6B1131839740}.Debug|Any CPU.Build.0 = Debug|Any CPU
		{6582F128-9636-4FE7-9908-6B1131839740}.Release|Any CPU.ActiveCfg = Release|Any CPU
		{6582F128-9636-4FE7-9908-6B1131839740}.Release|Any CPU.Build.0 = Release|Any CPU
	EndGlobalSection
	GlobalSection(SolutionProperties) = preSolution
		HideSolutionNode = FALSE
	EndGlobalSection
	GlobalSection(ExtensibilityGlobals) = postSolution
		SolutionGuid = {3BC8C487-EF8B-41AF-82CD-CBE62AC25DAF}
	EndGlobalSection
EndGlobal
